
Microsoft Visual Studio Solution File, Format Version 12.00
# Visual Studio Version 16
VisualStudioVersion = 16.0.29230.47
MinimumVisualStudioVersion = 10.0.40219.1
Project("{888888A0-9F3D-457C-B088-3A5042F75D52}") = "Application suite", "Application suite\Application suite.pyproj", "{44CECDD2-397B-49F2-9393-446962D9083D}"
EndProject
Global
	GlobalSection(SolutionConfigurationPlatforms) = preSolution
		Debug|Any CPU = Debug|Any CPU
		Release|Any CPU = Release|Any CPU
	EndGlobalSection
	GlobalSection(ProjectConfigurationPlatforms) = postSolution
		{44CECDD2-397B-49F2-9393-446962D9083D}.Debug|Any CPU.ActiveCfg = Debug|Any CPU
		{44CECDD2-397B-49F2-9393-446962D9083D}.Release|Any CPU.ActiveCfg = Release|Any CPU
	EndGlobalSection
	GlobalSection(SolutionProperties) = preSolution
		HideSolutionNode = FALSE
	EndGlobalSection
	GlobalSection(ExtensibilityGlobals) = postSolution
		SolutionGuid = {B60B8CA3-B4D9-4B69-8DA6-2505DFCD0289}
	EndGlobalSection
EndGlobal
